
Microsoft Visual Studio Solution File, Format Version 12.00
# Visual Studio Version 17
VisualStudioVersion = 17.10.34928.147
MinimumVisualStudioVersion = 10.0.40219.1
Project("{9A19103F-16F7-4668-BE54-9A1E7A4F7556}") = "ResumeManagementApplication", "ResumeManagementApplication.csproj", "{07EEB0AC-7C23-4F2D-A6B2-57D2DC4C3519}"
EndProject
Project("{9A19103F-16F7-4668-BE54-9A1E7A4F7556}") = "DataPersistency", "..\DataPersistency\DataPersistency.csproj", "{1371DE5C-D38E-4D6C-93E7-BE2FA43B9311}"
EndProject
Global
	GlobalSection(SolutionConfigurationPlatforms) = preSolution
		Debug|Any CPU = Debug|Any CPU
		Release|Any CPU = Release|Any CPU
	EndGlobalSection
	GlobalSection(ProjectConfigurationPlatforms) = postSolution
		{07EEB0AC-7C23-4F2D-A6B2-57D2DC4C3519}.Debug|Any CPU.ActiveCfg = Debug|Any CPU
		{07EEB0AC-7C23-4F2D-A6B2-57D2DC4C3519}.Debug|Any CPU.Build.0 = Debug|Any CPU
		{07EEB0AC-7C23-4F2D-A6B2-57D2DC4C3519}.Release|Any CPU.ActiveCfg = Release|Any CPU
		{07EEB0AC-7C23-4F2D-A6B2-57D2DC4C3519}.Release|Any CPU.Build.0 = Release|Any CPU
		{1371DE5C-D38E-4D6C-93E7-BE2FA43B9311}.Debug|Any CPU.ActiveCfg = Debug|Any CPU
		{1371DE5C-D38E-4D6C-93E7-BE2FA43B9311}.Debug|Any CPU.Build.0 = Debug|Any CPU
		{1371DE5C-D38E-4D6C-93E7-BE2FA43B9311}.Release|Any CPU.ActiveCfg = Release|Any CPU
		{1371DE5C-D38E-4D6C-93E7-BE2FA43B9311}.Release|Any CPU.Build.0 = Release|Any CPU
	EndGlobalSection
	GlobalSection(SolutionProperties) = preSolution
		HideSolutionNode = FALSE
	EndGlobalSection
	GlobalSection(ExtensibilityGlobals) = postSolution
		SolutionGuid = {8962DE38-0C0A-44F6-A2E0-BF622F657638}
	EndGlobalSection
EndGlobal
